// !$*UTF8*$!
{
	archiveVersion = 1;
	classes = {
	};
	objectVersion = 54;
	objects = {

/* Begin PBXBuildFile section */
		065C59A10E72678572E9322B /* GlyphInspector.swift in Sources */ = {isa = PBXBuildFile; fileRef = 76C7BCE03F1FB8DB7AD5E6CD /* GlyphInspector.swift */; };
		09D85C416DFD40D8D8AFE47F /* AppCommands.swift in Sources */ = {isa = PBXBuildFile; fileRef = 495A9C6A5BF3F9EBBE25E1D4 /* AppCommands.swift */; };
		1FF5607E2CD35A97E5073D7F /* ChromelessWindow.swift in Sources */ = {isa = PBXBuildFile; fileRef = 1FAE8B30694F36CC09A9A575 /* ChromelessWindow.swift */; };
		2FAE930E700EEA0F57C278DD /* DetailView.swift in Sources */ = {isa = PBXBuildFile; fileRef = 1FC0E9768610030496176ACA /* DetailView.swift */; };
		43A90BCE6684A7AC2F582365 /* SettingsView.swift in Sources */ = {isa = PBXBuildFile; fileRef = 191AD4C80A5E08EA5255C7D8 /* SettingsView.swift */; };
		507C064D966A63CE632CDCD7 /* Cocoa.framework in Frameworks */ = {isa = PBXBuildFile; fileRef = 28DC5627D33ED33B0701ACB2 /* Cocoa.framework */; };
		535154B29C479D25801C17A2 /* StatusItemController.swift in Sources */ = {isa = PBXBuildFile; fileRef = 23EF653B70700287ABACDA2E /* StatusItemController.swift */; };
		5D045B8A482C5D209720486A /* QuickLookupView.swift in Sources */ = {isa = PBXBuildFile; fileRef = 3B7A044483DE8C417DF114B9 /* QuickLookupView.swift */; };
		69B70F38237699E7BB483DE2 /* KeyboardService.swift in Sources */ = {isa = PBXBuildFile; fileRef = 890C7DD55CE069769BF0A893 /* KeyboardService.swift */; };
		69BDC1F0C1995664010ED168 /* AppDelegate.swift in Sources */ = {isa = PBXBuildFile; fileRef = 4FD97B8B7F702105A50359AD /* AppDelegate.swift */; };
		6E771EDED534F6390C5C2A57 /* ToastView.swift in Sources */ = {isa = PBXBuildFile; fileRef = A0FF995CBA60380742F27A28 /* ToastView.swift */; };
		7799954B10D94EFBCEE52688 /* PrivacyInfo.xcprivacy in Resources */ = {isa = PBXBuildFile; fileRef = 7C0E95D88FD679E6A8A7E8E6 /* PrivacyInfo.xcprivacy */; };
		844D9C67A00FDDB90994A0C3 /* CharacterInfo.swift in Sources */ = {isa = PBXBuildFile; fileRef = 8A1DC440C3CDDCD36A9DE70C /* CharacterInfo.swift */; };
		84C01DA4979039854A8D2BE5 /* CodeFormats.swift in Sources */ = {isa = PBXBuildFile; fileRef = 8F55A8A982DDDF568A8F18B5 /* CodeFormats.swift */; };
		8505A0A27836D6F6D1089373 /* KeyboardMapper.swift in Sources */ = {isa = PBXBuildFile; fileRef = C565B79F27D9B6B4E9366C12 /* KeyboardMapper.swift */; };
		974A37763D657AA9E99D1474 /* SidebarView.swift in Sources */ = {isa = PBXBuildFile; fileRef = 460ABFAA80D4DA887E260451 /* SidebarView.swift */; };
		A22BD8ACBBB6E55F98701649 /* GlobalHotKey.swift in Sources */ = {isa = PBXBuildFile; fileRef = C3320690473A1EFC077FEF07 /* GlobalHotKey.swift */; };
		BFCDA2ECCA9D4641DAE688C4 /* CharacterDatabase.swift in Sources */ = {isa = PBXBuildFile; fileRef = 95D2F7302A4A0B306250FB93 /* CharacterDatabase.swift */; };
		C041F7376E88A03AC4D047BF /* GlyphfinderApp.swift in Sources */ = {isa = PBXBuildFile; fileRef = 50161936BCE20A7A719CBC38 /* GlyphfinderApp.swift */; };
		C483BF061A557F5A96DEE46C /* AppSettings.swift in Sources */ = {isa = PBXBuildFile; fileRef = 0617CA4D1CDF7AF8C295980E /* AppSettings.swift */; };
		C4C6C909251EB02014B67940 /* MainView.swift in Sources */ = {isa = PBXBuildFile; fileRef = 1D25E7C9C39FC2DEF0C51C9E /* MainView.swift */; };
		C968A52D30DE96D9FD7A985C /* CharacterRecord.swift in Sources */ = {isa = PBXBuildFile; fileRef = 153237FF664A7D978A5CCBFE /* CharacterRecord.swift */; };
		CB44885203802C2615EAFD84 /* Assets.xcassets in Resources */ = {isa = PBXBuildFile; fileRef = 26A0A59A6A5D799ABAF44822 /* Assets.xcassets */; };
		CD10EB643F8A53D13F96CC86 /* Inserter.swift in Sources */ = {isa = PBXBuildFile; fileRef = 622B6344264876E374335CA4 /* Inserter.swift */; };
		CFF6AC90A8D6F440B4F4A7ED /* characters.json in Resources */ = {isa = PBXBuildFile; fileRef = CDE44617E11AC60502DE4FFA /* characters.json */; };
		D6FF778FC00789ACA26BF61A /* Localizable.xcstrings in Resources */ = {isa = PBXBuildFile; fileRef = 3CA1A2D0823FBDEB5D4C30FC /* Localizable.xcstrings */; };
		E3AC7E14A138B1C46C7E141D /* GlyphfinderIntents.swift in Sources */ = {isa = PBXBuildFile; fileRef = 1B594F21F9F6B19E17F0D9C0 /* GlyphfinderIntents.swift */; };
		EC7DDFCE92EDD30965304752 /* AppModel.swift in Sources */ = {isa = PBXBuildFile; fileRef = CE9CDE536DF28CEBDFAE72BD /* AppModel.swift */; };
		F6BB78FE0721276100341B3E /* CharacterGridView.swift in Sources */ = {isa = PBXBuildFile; fileRef = 706D62636383AB3DD7C3EE30 /* CharacterGridView.swift */; };
		FE91B4F9FB4C25EEED123F1C /* SystemKeyboardLayout.swift in Sources */ = {isa = PBXBuildFile; fileRef = C2E087702409CF5DAE2B4253 /* SystemKeyboardLayout.swift */; };
		FF3DBECEA7A42251D1062724 /* SearchEngine.swift in Sources */ = {isa = PBXBuildFile; fileRef = 94CE396F21F9C80CC2740911 /* SearchEngine.swift */; };
/* End PBXBuildFile section */

/* Begin PBXFileReference section */
		0617CA4D1CDF7AF8C295980E /* AppSettings.swift */ = {isa = PBXFileReference; includeInIndex = 1; lastKnownFileType = sourcecode.swift; path = AppSettings.swift; sourceTree = "<group>"; };
		153237FF664A7D978A5CCBFE /* CharacterRecord.swift */ = {isa = PBXFileReference; includeInIndex = 1; lastKnownFileType = sourcecode.swift; path = CharacterRecord.swift; sourceTree = "<group>"; };
		191AD4C80A5E08EA5255C7D8 /* SettingsView.swift */ = {isa = PBXFileReference; includeInIndex = 1; lastKnownFileType = sourcecode.swift; path = SettingsView.swift; sourceTree = "<group>"; };
		1B594F21F9F6B19E17F0D9C0 /* GlyphfinderIntents.swift */ = {isa = PBXFileReference; includeInIndex = 1; lastKnownFileType = sourcecode.swift; path = GlyphfinderIntents.swift; sourceTree = "<group>"; };
		1D25E7C9C39FC2DEF0C51C9E /* MainView.swift */ = {isa = PBXFileReference; includeInIndex = 1; lastKnownFileType = sourcecode.swift; path = MainView.swift; sourceTree = "<group>"; };
		1FAE8B30694F36CC09A9A575 /* ChromelessWindow.swift */ = {isa = PBXFileReference; includeInIndex = 1; lastKnownFileType = sourcecode.swift; path = ChromelessWindow.swift; sourceTree = "<group>"; };
		1FC0E9768610030496176ACA /* DetailView.swift */ = {isa = PBXFileReference; includeInIndex = 1; lastKnownFileType = sourcecode.swift; path = DetailView.swift; sourceTree = "<group>"; };
		23EF653B70700287ABACDA2E /* StatusItemController.swift */ = {isa = PBXFileReference; includeInIndex = 1; lastKnownFileType = sourcecode.swift; path = StatusItemController.swift; sourceTree = "<group>"; };
		26A0A59A6A5D799ABAF44822 /* Assets.xcassets */ = {isa = PBXFileReference; includeInIndex = 1; lastKnownFileType = folder.assetcatalog; path = Assets.xcassets; sourceTree = "<group>"; };
		28DC5627D33ED33B0701ACB2 /* Cocoa.framework */ = {isa = PBXFileReference; lastKnownFileType = wrapper.framework; name = Cocoa.framework; path = Platforms/MacOSX.platform/Developer/SDKs/MacOSX26.0.sdk/System/Library/Frameworks/Cocoa.framework; sourceTree = DEVELOPER_DIR; };
		3B7A044483DE8C417DF114B9 /* QuickLookupView.swift */ = {isa = PBXFileReference; includeInIndex = 1; lastKnownFileType = sourcecode.swift; path = QuickLookupView.swift; sourceTree = "<group>"; };
		3CA1A2D0823FBDEB5D4C30FC /* Localizable.xcstrings */ = {isa = PBXFileReference; includeInIndex = 1; lastKnownFileType = text.json.xcstrings; path = Localizable.xcstrings; sourceTree = "<group>"; };
		460ABFAA80D4DA887E260451 /* SidebarView.swift */ = {isa = PBXFileReference; includeInIndex = 1; lastKnownFileType = sourcecode.swift; path = SidebarView.swift; sourceTree = "<group>"; };
		495A9C6A5BF3F9EBBE25E1D4 /* AppCommands.swift */ = {isa = PBXFileReference; includeInIndex = 1; lastKnownFileType = sourcecode.swift; path = AppCommands.swift; sourceTree = "<group>"; };
		4FD97B8B7F702105A50359AD /* AppDelegate.swift */ = {isa = PBXFileReference; includeInIndex = 1; lastKnownFileType = sourcecode.swift; path = AppDelegate.swift; sourceTree = "<group>"; };
		50161936BCE20A7A719CBC38 /* GlyphfinderApp.swift */ = {isa = PBXFileReference; includeInIndex = 1; lastKnownFileType = sourcecode.swift; path = GlyphfinderApp.swift; sourceTree = "<group>"; };
		622B6344264876E374335CA4 /* Inserter.swift */ = {isa = PBXFileReference; includeInIndex = 1; lastKnownFileType = sourcecode.swift; path = Inserter.swift; sourceTree = "<group>"; };
		6F9097038088A14B031FE9F7 /* Info.plist */ = {isa = PBXFileReference; includeInIndex = 1; lastKnownFileType = text.plist.xml; path = Info.plist; sourceTree = "<group>"; };
		706D62636383AB3DD7C3EE30 /* CharacterGridView.swift */ = {isa = PBXFileReference; includeInIndex = 1; lastKnownFileType = sourcecode.swift; path = CharacterGridView.swift; sourceTree = "<group>"; };
		76C7BCE03F1FB8DB7AD5E6CD /* GlyphInspector.swift */ = {isa = PBXFileReference; includeInIndex = 1; lastKnownFileType = sourcecode.swift; path = GlyphInspector.swift; sourceTree = "<group>"; };
		7879FF3F04EF2C6473EBB98F /* Glyphfinder.app */ = {isa = PBXFileReference; explicitFileType = wrapper.application; includeInIndex = 0; path = Glyphfinder.app; sourceTree = BUILT_PRODUCTS_DIR; };
		7C0E95D88FD679E6A8A7E8E6 /* PrivacyInfo.xcprivacy */ = {isa = PBXFileReference; includeInIndex = 1; lastKnownFileType = text.xml; path = PrivacyInfo.xcprivacy; sourceTree = "<group>"; };
		890C7DD55CE069769BF0A893 /* KeyboardService.swift */ = {isa = PBXFileReference; includeInIndex = 1; lastKnownFileType = sourcecode.swift; path = KeyboardService.swift; sourceTree = "<group>"; };
		8A1DC440C3CDDCD36A9DE70C /* CharacterInfo.swift */ = {isa = PBXFileReference; includeInIndex = 1; lastKnownFileType = sourcecode.swift; path = CharacterInfo.swift; sourceTree = "<group>"; };
		8F55A8A982DDDF568A8F18B5 /* CodeFormats.swift */ = {isa = PBXFileReference; includeInIndex = 1; lastKnownFileType = sourcecode.swift; path = CodeFormats.swift; sourceTree = "<group>"; };
		94CE396F21F9C80CC2740911 /* SearchEngine.swift */ = {isa = PBXFileReference; includeInIndex = 1; lastKnownFileType = sourcecode.swift; path = SearchEngine.swift; sourceTree = "<group>"; };
		95D2F7302A4A0B306250FB93 /* CharacterDatabase.swift */ = {isa = PBXFileReference; includeInIndex = 1; lastKnownFileType = sourcecode.swift; path = CharacterDatabase.swift; sourceTree = "<group>"; };
		A0FF995CBA60380742F27A28 /* ToastView.swift */ = {isa = PBXFileReference; includeInIndex = 1; lastKnownFileType = sourcecode.swift; path = ToastView.swift; sourceTree = "<group>"; };
		BEFF4696BF3A62071F5644FE /* Glyphfinder.entitlements */ = {isa = PBXFileReference; includeInIndex = 1; lastKnownFileType = text.plist.entitlements; path = Glyphfinder.entitlements; sourceTree = "<group>"; };
		C2E087702409CF5DAE2B4253 /* SystemKeyboardLayout.swift */ = {isa = PBXFileReference; includeInIndex = 1; lastKnownFileType = sourcecode.swift; path = SystemKeyboardLayout.swift; sourceTree = "<group>"; };
		C3320690473A1EFC077FEF07 /* GlobalHotKey.swift */ = {isa = PBXFileReference; includeInIndex = 1; lastKnownFileType = sourcecode.swift; path = GlobalHotKey.swift; sourceTree = "<group>"; };
		C565B79F27D9B6B4E9366C12 /* KeyboardMapper.swift */ = {isa = PBXFileReference; includeInIndex = 1; lastKnownFileType = sourcecode.swift; path = KeyboardMapper.swift; sourceTree = "<group>"; };
		CDE44617E11AC60502DE4FFA /* characters.json */ = {isa = PBXFileReference; includeInIndex = 1; lastKnownFileType = text.json; path = characters.json; sourceTree = "<group>"; };
		CE9CDE536DF28CEBDFAE72BD /* AppModel.swift */ = {isa = PBXFileReference; includeInIndex = 1; lastKnownFileType = sourcecode.swift; path = AppModel.swift; sourceTree = "<group>"; };
		DFBABFABD931AFE22C20052D /* README.md */ = {isa = PBXFileReference; includeInIndex = 1; lastKnownFileType = net.daringfireball.markdown; path = README.md; sourceTree = "<group>"; };
		EC639AF9B0DA380FA44A31AB /* PLAN.md */ = {isa = PBXFileReference; includeInIndex = 1; lastKnownFileType = net.daringfireball.markdown; path = PLAN.md; sourceTree = "<group>"; };
		F290242B7E3504979828AF6B /* Glyphfinder-Direct.entitlements */ = {isa = PBXFileReference; includeInIndex = 1; lastKnownFileType = text.plist.entitlements; path = "Glyphfinder-Direct.entitlements"; sourceTree = "<group>"; };
/* End PBXFileReference section */

/* Begin PBXFrameworksBuildPhase section */
		64B5548D90CFEB98A58847A0 /* Frameworks */ = {
			isa = PBXFrameworksBuildPhase;
			buildActionMask = 2147483647;
			files = (
				507C064D966A63CE632CDCD7 /* Cocoa.framework in Frameworks */,
			);
			runOnlyForDeploymentPostprocessing = 0;
		};
/* End PBXFrameworksBuildPhase section */

/* Begin PBXGroup section */
		043FB242DA4FDC788E8C1D95 /* Products */ = {
			isa = PBXGroup;
			children = (
				7879FF3F04EF2C6473EBB98F /* Glyphfinder.app */,
			);
			name = Products;
			sourceTree = "<group>";
		};
		1511F14CBD8578C1654B1E0C = {
			isa = PBXGroup;
			children = (
				043FB242DA4FDC788E8C1D95 /* Products */,
				9F9D4224DF276ACB3A9C8A02 /* Frameworks */,
				F4B49F64B505321529601410 /* Glyphfinder */,
				15C4384D9AA08E6AEECB40D6 /* GlyphCore */,
				9042E3C100B839F931D016DA /* Data */,
				D0E93096BCC0E80BC396F622 /* Documentation */,
			);
			sourceTree = "<group>";
		};
		15C4384D9AA08E6AEECB40D6 /* GlyphCore */ = {
			isa = PBXGroup;
			children = (
				95D2F7302A4A0B306250FB93 /* CharacterDatabase.swift */,
				8A1DC440C3CDDCD36A9DE70C /* CharacterInfo.swift */,
				153237FF664A7D978A5CCBFE /* CharacterRecord.swift */,
				8F55A8A982DDDF568A8F18B5 /* CodeFormats.swift */,
				76C7BCE03F1FB8DB7AD5E6CD /* GlyphInspector.swift */,
				C565B79F27D9B6B4E9366C12 /* KeyboardMapper.swift */,
				94CE396F21F9C80CC2740911 /* SearchEngine.swift */,
				C2E087702409CF5DAE2B4253 /* SystemKeyboardLayout.swift */,
			);
			name = GlyphCore;
			path = Core/Sources/GlyphCore;
			sourceTree = "<group>";
		};
		54AB2B03EB3AC9824C354C5D /* Views */ = {
			isa = PBXGroup;
			children = (
				706D62636383AB3DD7C3EE30 /* CharacterGridView.swift */,
				1FAE8B30694F36CC09A9A575 /* ChromelessWindow.swift */,
				1FC0E9768610030496176ACA /* DetailView.swift */,
				1D25E7C9C39FC2DEF0C51C9E /* MainView.swift */,
				3B7A044483DE8C417DF114B9 /* QuickLookupView.swift */,
				191AD4C80A5E08EA5255C7D8 /* SettingsView.swift */,
				460ABFAA80D4DA887E260451 /* SidebarView.swift */,
				A0FF995CBA60380742F27A28 /* ToastView.swift */,
			);
			path = Views;
			sourceTree = "<group>";
		};
		6549D71D957CB194F1C1A3DC /* OS X */ = {
			isa = PBXGroup;
			children = (
				28DC5627D33ED33B0701ACB2 /* Cocoa.framework */,
			);
			name = "OS X";
			sourceTree = "<group>";
		};
		6F7606F709CAFBA304D3A8FD /* Configuration */ = {
			isa = PBXGroup;
			children = (
				6F9097038088A14B031FE9F7 /* Info.plist */,
				BEFF4696BF3A62071F5644FE /* Glyphfinder.entitlements */,
				F290242B7E3504979828AF6B /* Glyphfinder-Direct.entitlements */,
			);
			name = Configuration;
			sourceTree = "<group>";
		};
		8483C50CA44D8184F0DA1B40 /* Resources */ = {
			isa = PBXGroup;
			children = (
				26A0A59A6A5D799ABAF44822 /* Assets.xcassets */,
				3CA1A2D0823FBDEB5D4C30FC /* Localizable.xcstrings */,
				7C0E95D88FD679E6A8A7E8E6 /* PrivacyInfo.xcprivacy */,
			);
			path = Resources;
			sourceTree = "<group>";
		};
		9042E3C100B839F931D016DA /* Data */ = {
			isa = PBXGroup;
			children = (
				CDE44617E11AC60502DE4FFA /* characters.json */,
			);
			path = Data;
			sourceTree = "<group>";
		};
		93DEAFFB11A97BB77D5D3FDF /* Services */ = {
			isa = PBXGroup;
			children = (
				C3320690473A1EFC077FEF07 /* GlobalHotKey.swift */,
				622B6344264876E374335CA4 /* Inserter.swift */,
				890C7DD55CE069769BF0A893 /* KeyboardService.swift */,
				23EF653B70700287ABACDA2E /* StatusItemController.swift */,
			);
			path = Services;
			sourceTree = "<group>";
		};
		9F9D4224DF276ACB3A9C8A02 /* Frameworks */ = {
			isa = PBXGroup;
			children = (
				6549D71D957CB194F1C1A3DC /* OS X */,
			);
			name = Frameworks;
			sourceTree = "<group>";
		};
		D01605B82040EF071DF28BE0 /* App */ = {
			isa = PBXGroup;
			children = (
				495A9C6A5BF3F9EBBE25E1D4 /* AppCommands.swift */,
				4FD97B8B7F702105A50359AD /* AppDelegate.swift */,
				CE9CDE536DF28CEBDFAE72BD /* AppModel.swift */,
				0617CA4D1CDF7AF8C295980E /* AppSettings.swift */,
				50161936BCE20A7A719CBC38 /* GlyphfinderApp.swift */,
				1B594F21F9F6B19E17F0D9C0 /* GlyphfinderIntents.swift */,
			);
			path = App;
			sourceTree = "<group>";
		};
		D0E93096BCC0E80BC396F622 /* Documentation */ = {
			isa = PBXGroup;
			children = (
				DFBABFABD931AFE22C20052D /* README.md */,
				EC639AF9B0DA380FA44A31AB /* PLAN.md */,
			);
			name = Documentation;
			sourceTree = "<group>";
		};
		F4B49F64B505321529601410 /* Glyphfinder */ = {
			isa = PBXGroup;
			children = (
				D01605B82040EF071DF28BE0 /* App */,
				93DEAFFB11A97BB77D5D3FDF /* Services */,
				54AB2B03EB3AC9824C354C5D /* Views */,
				8483C50CA44D8184F0DA1B40 /* Resources */,
				6F7606F709CAFBA304D3A8FD /* Configuration */,
			);
			path = Glyphfinder;
			sourceTree = "<group>";
		};
/* End PBXGroup section */

/* Begin PBXNativeTarget section */
		03AA1A2BA61228C8E4B62F70 /* Glyphfinder */ = {
			isa = PBXNativeTarget;
			buildConfigurationList = E355ACFF138362ACDBB56AC0 /* Build configuration list for PBXNativeTarget "Glyphfinder" */;
			buildPhases = (
				BD3A0B125394D6BC8036E411 /* Sources */,
				64B5548D90CFEB98A58847A0 /* Frameworks */,
				866C9C1D013738E1E4B124DF /* Resources */,
			);
			buildRules = (
			);
			dependencies = (
			);
			name = Glyphfinder;
			productName = Glyphfinder;
			productReference = 7879FF3F04EF2C6473EBB98F /* Glyphfinder.app */;
			productType = "com.apple.product-type.application";
		};
/* End PBXNativeTarget section */

/* Begin PBXProject section */
		7A627511DF31915BE6EB412D /* Project object */ = {
			isa = PBXProject;
			attributes = {
				BuildIndependentTargetsInParallel = YES;
				LastSwiftUpdateCheck = 1600;
				LastUpgradeCheck = 2700;
			};
			buildConfigurationList = 130020917B41BD99D12B0102 /* Build configuration list for PBXProject "Glyphfinder" */;
			compatibilityVersion = "Xcode 3.2";
			developmentRegion = en;
			hasScannedForEncodings = 0;
			knownRegions = (
				en,
				Base,
				nl,
				de,
			);
			mainGroup = 1511F14CBD8578C1654B1E0C;
			productRefGroup = 043FB242DA4FDC788E8C1D95 /* Products */;
			projectDirPath = "";
			projectRoot = "";
			targets = (
				03AA1A2BA61228C8E4B62F70 /* Glyphfinder */,
			);
		};
/* End PBXProject section */

/* Begin PBXResourcesBuildPhase section */
		866C9C1D013738E1E4B124DF /* Resources */ = {
			isa = PBXResourcesBuildPhase;
			buildActionMask = 2147483647;
			files = (
				CB44885203802C2615EAFD84 /* Assets.xcassets in Resources */,
				D6FF778FC00789ACA26BF61A /* Localizable.xcstrings in Resources */,
				7799954B10D94EFBCEE52688 /* PrivacyInfo.xcprivacy in Resources */,
				CFF6AC90A8D6F440B4F4A7ED /* characters.json in Resources */,
			);
			runOnlyForDeploymentPostprocessing = 0;
		};
/* End PBXResourcesBuildPhase section */

/* Begin PBXSourcesBuildPhase section */
		BD3A0B125394D6BC8036E411 /* Sources */ = {
			isa = PBXSourcesBuildPhase;
			buildActionMask = 2147483647;
			files = (
				09D85C416DFD40D8D8AFE47F /* AppCommands.swift in Sources */,
				69BDC1F0C1995664010ED168 /* AppDelegate.swift in Sources */,
				EC7DDFCE92EDD30965304752 /* AppModel.swift in Sources */,
				C483BF061A557F5A96DEE46C /* AppSettings.swift in Sources */,
				C041F7376E88A03AC4D047BF /* GlyphfinderApp.swift in Sources */,
				E3AC7E14A138B1C46C7E141D /* GlyphfinderIntents.swift in Sources */,
				A22BD8ACBBB6E55F98701649 /* GlobalHotKey.swift in Sources */,
				CD10EB643F8A53D13F96CC86 /* Inserter.swift in Sources */,
				69B70F38237699E7BB483DE2 /* KeyboardService.swift in Sources */,
				535154B29C479D25801C17A2 /* StatusItemController.swift in Sources */,
				F6BB78FE0721276100341B3E /* CharacterGridView.swift in Sources */,
				1FF5607E2CD35A97E5073D7F /* ChromelessWindow.swift in Sources */,
				2FAE930E700EEA0F57C278DD /* DetailView.swift in Sources */,
				C4C6C909251EB02014B67940 /* MainView.swift in Sources */,
				5D045B8A482C5D209720486A /* QuickLookupView.swift in Sources */,
				43A90BCE6684A7AC2F582365 /* SettingsView.swift in Sources */,
				974A37763D657AA9E99D1474 /* SidebarView.swift in Sources */,
				6E771EDED534F6390C5C2A57 /* ToastView.swift in Sources */,
				BFCDA2ECCA9D4641DAE688C4 /* CharacterDatabase.swift in Sources */,
				844D9C67A00FDDB90994A0C3 /* CharacterInfo.swift in Sources */,
				C968A52D30DE96D9FD7A985C /* CharacterRecord.swift in Sources */,
				84C01DA4979039854A8D2BE5 /* CodeFormats.swift in Sources */,
				065C59A10E72678572E9322B /* GlyphInspector.swift in Sources */,
				8505A0A27836D6F6D1089373 /* KeyboardMapper.swift in Sources */,
				FF3DBECEA7A42251D1062724 /* SearchEngine.swift in Sources */,
				FE91B4F9FB4C25EEED123F1C /* SystemKeyboardLayout.swift in Sources */,
			);
			runOnlyForDeploymentPostprocessing = 0;
		};
/* End PBXSourcesBuildPhase section */

/* Begin XCBuildConfiguration section */
		139C0C7D63A08B7E99BBFB8B /* Debug */ = {
			isa = XCBuildConfiguration;
			buildSettings = {
				ALWAYS_SEARCH_USER_PATHS = NO;
				CLANG_ANALYZER_LOCALIZABILITY_NONLOCALIZED = YES;
				CLANG_ANALYZER_NONNULL = YES;
				CLANG_ANALYZER_NUMBER_OBJECT_CONVERSION = YES_AGGRESSIVE;
				CLANG_CXX_LANGUAGE_STANDARD = "gnu++14";
				CLANG_CXX_LIBRARY = "libc++";
				CLANG_ENABLE_MODULES = YES;
				CLANG_ENABLE_OBJC_ARC = YES;
				CLANG_ENABLE_OBJC_WEAK = YES;
				CLANG_WARN_BLOCK_CAPTURE_AUTORELEASING = YES;
				CLANG_WARN_BOOL_CONVERSION = YES;
				CLANG_WARN_COMMA = YES;
				CLANG_WARN_CONSTANT_CONVERSION = YES;
				CLANG_WARN_DEPRECATED_OBJC_IMPLEMENTATIONS = YES;
				CLANG_WARN_DIRECT_OBJC_ISA_USAGE = YES_ERROR;
				CLANG_WARN_DOCUMENTATION_COMMENTS = YES;
				CLANG_WARN_EMPTY_BODY = YES;
				CLANG_WARN_ENUM_CONVERSION = YES;
				CLANG_WARN_INFINITE_RECURSION = YES;
				CLANG_WARN_INT_CONVERSION = YES;
				CLANG_WARN_NON_LITERAL_NULL_CONVERSION = YES;
				CLANG_WARN_OBJC_IMPLICIT_RETAIN_SELF = YES;
				CLANG_WARN_OBJC_LITERAL_CONVERSION = YES;
				CLANG_WARN_OBJC_ROOT_CLASS = YES_ERROR;
				CLANG_WARN_QUOTED_INCLUDE_IN_FRAMEWORK_HEADER = YES;
				CLANG_WARN_RANGE_LOOP_ANALYSIS = YES;
				CLANG_WARN_STRICT_PROTOTYPES = YES;
				CLANG_WARN_SUSPICIOUS_MOVE = YES;
				CLANG_WARN_UNGUARDED_AVAILABILITY = YES_AGGRESSIVE;
				CLANG_WARN_UNREACHABLE_CODE = YES;
				CLANG_WARN__DUPLICATE_METHOD_MATCH = YES;
				COPY_PHASE_STRIP = NO;
				DEAD_CODE_STRIPPING = YES;
				DEBUG_INFORMATION_FORMAT = dwarf;
				ENABLE_STRICT_OBJC_MSGSEND = YES;
				ENABLE_TESTABILITY = YES;
				ENABLE_USER_SCRIPT_SANDBOXING = YES;
				GCC_C_LANGUAGE_STANDARD = gnu11;
				GCC_DYNAMIC_NO_PIC = NO;
				GCC_NO_COMMON_BLOCKS = YES;
				GCC_OPTIMIZATION_LEVEL = 0;
				GCC_PREPROCESSOR_DEFINITIONS = (
					"DEBUG=1",
					"$(inherited)",
				);
				GCC_WARN_64_TO_32_BIT_CONVERSION = YES;
				GCC_WARN_ABOUT_RETURN_TYPE = YES_ERROR;
				GCC_WARN_UNDECLARED_SELECTOR = YES;
				GCC_WARN_UNINITIALIZED_AUTOS = YES_AGGRESSIVE;
				GCC_WARN_UNUSED_FUNCTION = YES;
				GCC_WARN_UNUSED_VARIABLE = YES;
				LOCALIZATION_PREFERS_STRING_CATALOGS = YES;
				MACOSX_DEPLOYMENT_TARGET = 15.0;
				MTL_ENABLE_DEBUG_INFO = INCLUDE_SOURCE;
				MTL_FAST_MATH = YES;
				ONLY_ACTIVE_ARCH = YES;
				PRODUCT_NAME = "$(TARGET_NAME)";
				SDKROOT = macosx;
				STRING_CATALOG_GENERATE_SYMBOLS = YES;
				SWIFT_ACTIVE_COMPILATION_CONDITIONS = DEBUG;
				SWIFT_OPTIMIZATION_LEVEL = "-Onone";
				SWIFT_VERSION = 5.0;
			};
			name = Debug;
		};
		461930E8270E6D71668AB2EA /* Release-Direct */ = {
			isa = XCBuildConfiguration;
			buildSettings = {
				ALWAYS_SEARCH_USER_PATHS = NO;
				CLANG_ANALYZER_LOCALIZABILITY_NONLOCALIZED = YES;
				CLANG_ANALYZER_NONNULL = YES;
				CLANG_ANALYZER_NUMBER_OBJECT_CONVERSION = YES_AGGRESSIVE;
				CLANG_CXX_LANGUAGE_STANDARD = "gnu++14";
				CLANG_CXX_LIBRARY = "libc++";
				CLANG_ENABLE_MODULES = YES;
				CLANG_ENABLE_OBJC_ARC = YES;
				CLANG_ENABLE_OBJC_WEAK = YES;
				CLANG_WARN_BLOCK_CAPTURE_AUTORELEASING = YES;
				CLANG_WARN_BOOL_CONVERSION = YES;
				CLANG_WARN_COMMA = YES;
				CLANG_WARN_CONSTANT_CONVERSION = YES;
				CLANG_WARN_DEPRECATED_OBJC_IMPLEMENTATIONS = YES;
				CLANG_WARN_DIRECT_OBJC_ISA_USAGE = YES_ERROR;
				CLANG_WARN_DOCUMENTATION_COMMENTS = YES;
				CLANG_WARN_EMPTY_BODY = YES;
				CLANG_WARN_ENUM_CONVERSION = YES;
				CLANG_WARN_INFINITE_RECURSION = YES;
				CLANG_WARN_INT_CONVERSION = YES;
				CLANG_WARN_NON_LITERAL_NULL_CONVERSION = YES;
				CLANG_WARN_OBJC_IMPLICIT_RETAIN_SELF = YES;
				CLANG_WARN_OBJC_LITERAL_CONVERSION = YES;
				CLANG_WARN_OBJC_ROOT_CLASS = YES_ERROR;
				CLANG_WARN_QUOTED_INCLUDE_IN_FRAMEWORK_HEADER = YES;
				CLANG_WARN_RANGE_LOOP_ANALYSIS = YES;
				CLANG_WARN_STRICT_PROTOTYPES = YES;
				CLANG_WARN_SUSPICIOUS_MOVE = YES;
				CLANG_WARN_UNGUARDED_AVAILABILITY = YES_AGGRESSIVE;
				CLANG_WARN_UNREACHABLE_CODE = YES;
				CLANG_WARN__DUPLICATE_METHOD_MATCH = YES;
				COPY_PHASE_STRIP = NO;
				DEAD_CODE_STRIPPING = YES;
				DEBUG_INFORMATION_FORMAT = "dwarf-with-dsym";
				ENABLE_NS_ASSERTIONS = NO;
				ENABLE_STRICT_OBJC_MSGSEND = YES;
				ENABLE_USER_SCRIPT_SANDBOXING = YES;
				GCC_C_LANGUAGE_STANDARD = gnu11;
				GCC_NO_COMMON_BLOCKS = YES;
				GCC_WARN_64_TO_32_BIT_CONVERSION = YES;
				GCC_WARN_ABOUT_RETURN_TYPE = YES_ERROR;
				GCC_WARN_UNDECLARED_SELECTOR = YES;
				GCC_WARN_UNINITIALIZED_AUTOS = YES_AGGRESSIVE;
				GCC_WARN_UNUSED_FUNCTION = YES;
				GCC_WARN_UNUSED_VARIABLE = YES;
				LOCALIZATION_PREFERS_STRING_CATALOGS = YES;
				MACOSX_DEPLOYMENT_TARGET = 15.0;
				MTL_ENABLE_DEBUG_INFO = NO;
				MTL_FAST_MATH = YES;
				PRODUCT_NAME = "$(TARGET_NAME)";
				SDKROOT = macosx;
				STRING_CATALOG_GENERATE_SYMBOLS = YES;
				SWIFT_COMPILATION_MODE = wholemodule;
				SWIFT_OPTIMIZATION_LEVEL = "-O";
				SWIFT_VERSION = 5.0;
			};
			name = "Release-Direct";
		};
		AC2002FD65A6AF4A4FA521C6 /* Release */ = {
			isa = XCBuildConfiguration;
			buildSettings = {
				ALWAYS_SEARCH_USER_PATHS = NO;
				CLANG_ANALYZER_LOCALIZABILITY_NONLOCALIZED = YES;
				CLANG_ANALYZER_NONNULL = YES;
				CLANG_ANALYZER_NUMBER_OBJECT_CONVERSION = YES_AGGRESSIVE;
				CLANG_CXX_LANGUAGE_STANDARD = "gnu++14";
				CLANG_CXX_LIBRARY = "libc++";
				CLANG_ENABLE_MODULES = YES;
				CLANG_ENABLE_OBJC_ARC = YES;
				CLANG_ENABLE_OBJC_WEAK = YES;
				CLANG_WARN_BLOCK_CAPTURE_AUTORELEASING = YES;
				CLANG_WARN_BOOL_CONVERSION = YES;
				CLANG_WARN_COMMA = YES;
				CLANG_WARN_CONSTANT_CONVERSION = YES;
				CLANG_WARN_DEPRECATED_OBJC_IMPLEMENTATIONS = YES;
				CLANG_WARN_DIRECT_OBJC_ISA_USAGE = YES_ERROR;
				CLANG_WARN_DOCUMENTATION_COMMENTS = YES;
				CLANG_WARN_EMPTY_BODY = YES;
				CLANG_WARN_ENUM_CONVERSION = YES;
				CLANG_WARN_INFINITE_RECURSION = YES;
				CLANG_WARN_INT_CONVERSION = YES;
				CLANG_WARN_NON_LITERAL_NULL_CONVERSION = YES;
				CLANG_WARN_OBJC_IMPLICIT_RETAIN_SELF = YES;
				CLANG_WARN_OBJC_LITERAL_CONVERSION = YES;
				CLANG_WARN_OBJC_ROOT_CLASS = YES_ERROR;
				CLANG_WARN_QUOTED_INCLUDE_IN_FRAMEWORK_HEADER = YES;
				CLANG_WARN_RANGE_LOOP_ANALYSIS = YES;
				CLANG_WARN_STRICT_PROTOTYPES = YES;
				CLANG_WARN_SUSPICIOUS_MOVE = YES;
				CLANG_WARN_UNGUARDED_AVAILABILITY = YES_AGGRESSIVE;
				CLANG_WARN_UNREACHABLE_CODE = YES;
				CLANG_WARN__DUPLICATE_METHOD_MATCH = YES;
				COPY_PHASE_STRIP = NO;
				DEAD_CODE_STRIPPING = YES;
				DEBUG_INFORMATION_FORMAT = "dwarf-with-dsym";
				ENABLE_NS_ASSERTIONS = NO;
				ENABLE_STRICT_OBJC_MSGSEND = YES;
				ENABLE_USER_SCRIPT_SANDBOXING = YES;
				GCC_C_LANGUAGE_STANDARD = gnu11;
				GCC_NO_COMMON_BLOCKS = YES;
				GCC_WARN_64_TO_32_BIT_CONVERSION = YES;
				GCC_WARN_ABOUT_RETURN_TYPE = YES_ERROR;
				GCC_WARN_UNDECLARED_SELECTOR = YES;
				GCC_WARN_UNINITIALIZED_AUTOS = YES_AGGRESSIVE;
				GCC_WARN_UNUSED_FUNCTION = YES;
				GCC_WARN_UNUSED_VARIABLE = YES;
				LOCALIZATION_PREFERS_STRING_CATALOGS = YES;
				MACOSX_DEPLOYMENT_TARGET = 15.0;
				MTL_ENABLE_DEBUG_INFO = NO;
				MTL_FAST_MATH = YES;
				PRODUCT_NAME = "$(TARGET_NAME)";
				SDKROOT = macosx;
				STRING_CATALOG_GENERATE_SYMBOLS = YES;
				SWIFT_COMPILATION_MODE = wholemodule;
				SWIFT_OPTIMIZATION_LEVEL = "-O";
				SWIFT_VERSION = 5.0;
			};
			name = Release;
		};
		C3BC0F13BA197AA63E0C4BC9 /* Release-Direct */ = {
			isa = XCBuildConfiguration;
			buildSettings = {
				ASSETCATALOG_COMPILER_APPICON_NAME = AppIcon;
				ASSETCATALOG_COMPILER_GLOBAL_ACCENT_COLOR_NAME = AccentColor;
				CODE_SIGN_ENTITLEMENTS = "Glyphfinder/Glyphfinder-Direct.entitlements";
				CODE_SIGN_IDENTITY = "Apple Development";
				CODE_SIGN_STYLE = Automatic;
				COMBINE_HIDPI_IMAGES = YES;
				CURRENT_PROJECT_VERSION = 1;
				DEAD_CODE_STRIPPING = YES;
				DEVELOPMENT_TEAM = "";
				ENABLE_HARDENED_RUNTIME = YES;
				ENABLE_PREVIEWS = YES;
				GENERATE_INFOPLIST_FILE = YES;
				INFOPLIST_FILE = Glyphfinder/Info.plist;
				INFOPLIST_KEY_CFBundleDisplayName = Glyphfinder;
				INFOPLIST_KEY_NSPrincipalClass = NSApplication;
				LD_RUNPATH_SEARCH_PATHS = (
					"$(inherited)",
					"@executable_path/../Frameworks",
				);
				MACOSX_DEPLOYMENT_TARGET = 15.0;
				MARKETING_VERSION = 1.0;
				PRODUCT_BUNDLE_IDENTIFIER = com.milanelsen.glyphfinder;
				PRODUCT_NAME = "$(TARGET_NAME)";
				SDKROOT = macosx;
				STRING_CATALOG_GENERATE_SYMBOLS = NO;
				SWIFT_ACTIVE_COMPILATION_CONDITIONS = "DIRECT_DISTRIBUTION $(inherited)";
				SWIFT_EMIT_LOC_STRINGS = YES;
				SWIFT_VERSION = 5.0;
			};
			name = "Release-Direct";
		};
		F6B8BDE8D4AD8BD979D82F7D /* Debug */ = {
			isa = XCBuildConfiguration;
			buildSettings = {
				ASSETCATALOG_COMPILER_APPICON_NAME = AppIcon;
				ASSETCATALOG_COMPILER_GLOBAL_ACCENT_COLOR_NAME = AccentColor;
				CODE_SIGN_ENTITLEMENTS = Glyphfinder/Glyphfinder.entitlements;
				CODE_SIGN_IDENTITY = "-";
				CODE_SIGN_STYLE = Manual;
				COMBINE_HIDPI_IMAGES = YES;
				CURRENT_PROJECT_VERSION = 1;
				DEAD_CODE_STRIPPING = YES;
				DEVELOPMENT_TEAM = "";
				ENABLE_HARDENED_RUNTIME = YES;
				ENABLE_PREVIEWS = YES;
				GENERATE_INFOPLIST_FILE = YES;
				INFOPLIST_FILE = Glyphfinder/Info.plist;
				INFOPLIST_KEY_CFBundleDisplayName = Glyphfinder;
				INFOPLIST_KEY_NSPrincipalClass = NSApplication;
				LD_RUNPATH_SEARCH_PATHS = (
					"$(inherited)",
					"@executable_path/../Frameworks",
				);
				MACOSX_DEPLOYMENT_TARGET = 15.0;
				MARKETING_VERSION = 1.0;
				PRODUCT_BUNDLE_IDENTIFIER = com.milanelsen.glyphfinder;
				PRODUCT_NAME = "$(TARGET_NAME)";
				SDKROOT = macosx;
				STRING_CATALOG_GENERATE_SYMBOLS = NO;
				SWIFT_ACTIVE_COMPILATION_CONDITIONS = "DEBUG $(inherited)";
				SWIFT_EMIT_LOC_STRINGS = YES;
				SWIFT_VERSION = 5.0;
			};
			name = Debug;
		};
		FB83D847621F9075E639CA8D /* Release */ = {
			isa = XCBuildConfiguration;
			buildSettings = {
				ASSETCATALOG_COMPILER_APPICON_NAME = AppIcon;
				ASSETCATALOG_COMPILER_GLOBAL_ACCENT_COLOR_NAME = AccentColor;
				CODE_SIGN_ENTITLEMENTS = Glyphfinder/Glyphfinder.entitlements;
				CODE_SIGN_IDENTITY = "Apple Development";
				CODE_SIGN_STYLE = Automatic;
				COMBINE_HIDPI_IMAGES = YES;
				CURRENT_PROJECT_VERSION = 1;
				DEAD_CODE_STRIPPING = YES;
				DEVELOPMENT_TEAM = "";
				ENABLE_HARDENED_RUNTIME = YES;
				ENABLE_PREVIEWS = YES;
				GENERATE_INFOPLIST_FILE = YES;
				INFOPLIST_FILE = Glyphfinder/Info.plist;
				INFOPLIST_KEY_CFBundleDisplayName = Glyphfinder;
				INFOPLIST_KEY_NSPrincipalClass = NSApplication;
				LD_RUNPATH_SEARCH_PATHS = (
					"$(inherited)",
					"@executable_path/../Frameworks",
				);
				MACOSX_DEPLOYMENT_TARGET = 15.0;
				MARKETING_VERSION = 1.0;
				PRODUCT_BUNDLE_IDENTIFIER = com.milanelsen.glyphfinder;
				PRODUCT_NAME = "$(TARGET_NAME)";
				SDKROOT = macosx;
				STRING_CATALOG_GENERATE_SYMBOLS = NO;
				SWIFT_EMIT_LOC_STRINGS = YES;
				SWIFT_VERSION = 5.0;
			};
			name = Release;
		};
/* End XCBuildConfiguration section */

/* Begin XCConfigurationList section */
		130020917B41BD99D12B0102 /* Build configuration list for PBXProject "Glyphfinder" */ = {
			isa = XCConfigurationList;
			buildConfigurations = (
				139C0C7D63A08B7E99BBFB8B /* Debug */,
				AC2002FD65A6AF4A4FA521C6 /* Release */,
				461930E8270E6D71668AB2EA /* Release-Direct */,
			);
			defaultConfigurationIsVisible = 0;
			defaultConfigurationName = Release;
		};
		E355ACFF138362ACDBB56AC0 /* Build configuration list for PBXNativeTarget "Glyphfinder" */ = {
			isa = XCConfigurationList;
			buildConfigurations = (
				FB83D847621F9075E639CA8D /* Release */,
				F6B8BDE8D4AD8BD979D82F7D /* Debug */,
				C3BC0F13BA197AA63E0C4BC9 /* Release-Direct */,
			);
			defaultConfigurationIsVisible = 0;
			defaultConfigurationName = Release;
		};
/* End XCConfigurationList section */
	};
	rootObject = 7A627511DF31915BE6EB412D /* Project object */;
}
