// !$*UTF8*$!
{
	archiveVersion = 1;
	classes = {
	};
	objectVersion = 46;
	objects = {

/* Begin PBXBuildFile section */
		0453480E08756F6537541597 /* MenuBarContent.swift in Sources */ = {isa = PBXBuildFile; fileRef = BAE613306595E3F718D28D1A /* MenuBarContent.swift */; };
		149AD54BB4ABA32625339FEA /* PrivacyInfo.xcprivacy in Resources */ = {isa = PBXBuildFile; fileRef = D7F60FFD997072457EA12221 /* PrivacyInfo.xcprivacy */; };
		1B015E62813F59E6DC1F0ADA /* GlyphfinderIntents.swift in Sources */ = {isa = PBXBuildFile; fileRef = 486F34B6F1B7D437F92C27EE /* GlyphfinderIntents.swift */; };
		2E939F7C637EBA01833E24A5 /* characters.json in Resources */ = {isa = PBXBuildFile; fileRef = CDE4470E2B5F11DAFD341772 /* characters.json */; };
		32C7B49805472C3722A0E091 /* CharacterDatabase.swift in Sources */ = {isa = PBXBuildFile; fileRef = 269B6EB19FE18AE26B503FFC /* CharacterDatabase.swift */; };
		37EDC253BFA844EC08C6E1EF /* ToastView.swift in Sources */ = {isa = PBXBuildFile; fileRef = 946DDC9E1275A77F44680493 /* ToastView.swift */; };
		3C003E5D889C8C89DEBC1A02 /* AppSettings.swift in Sources */ = {isa = PBXBuildFile; fileRef = 5C442208DA587CAC37239395 /* AppSettings.swift */; };
		3FB0FF994FC622C41CB40A04 /* CharacterGridView.swift in Sources */ = {isa = PBXBuildFile; fileRef = 97CE9D342CF8D7ADC1C00535 /* CharacterGridView.swift */; };
		435B2240F264AB7082959235 /* GlyphInspector.swift in Sources */ = {isa = PBXBuildFile; fileRef = 74497D9682E6EE1CF9B9397A /* GlyphInspector.swift */; };
		456A12DC44DBC5D54C809AC8 /* Inserter.swift in Sources */ = {isa = PBXBuildFile; fileRef = 4CC291796F4BD162FA2077E6 /* Inserter.swift */; };
		4BFB97DC4C0512838C10188A /* GlyphfinderApp.swift in Sources */ = {isa = PBXBuildFile; fileRef = 7C959D943ACEF61C4C861517 /* GlyphfinderApp.swift */; };
		59FA55A9040F710258B7B4E2 /* CharacterInfo.swift in Sources */ = {isa = PBXBuildFile; fileRef = 3A6CE6D1B13014405ECFAE5F /* CharacterInfo.swift */; };
		68EE94EE64F43413B9F606A9 /* KeyboardService.swift in Sources */ = {isa = PBXBuildFile; fileRef = 60723FEE1841654F6B7B54A3 /* KeyboardService.swift */; };
		690357DB8A8EDB3925995AD5 /* AppModel.swift in Sources */ = {isa = PBXBuildFile; fileRef = 58622C7088F36B9A6C9009CA /* AppModel.swift */; };
		70203B6C8B0716342F726C54 /* SidebarView.swift in Sources */ = {isa = PBXBuildFile; fileRef = C388EB8DD60308CCDD3528CB /* SidebarView.swift */; };
		762CFC25A1C5076FC8832CFD /* QuickLookupView.swift in Sources */ = {isa = PBXBuildFile; fileRef = 9E6EBFECB201CB3483C9BB84 /* QuickLookupView.swift */; };
		7D4A82504E16005B60BDA1EC /* DetailView.swift in Sources */ = {isa = PBXBuildFile; fileRef = 3A53CEDCF2C753E5CFB4AA7C /* DetailView.swift */; };
		81A34D33D98F2B2E92D1B272 /* Localizable.xcstrings in Resources */ = {isa = PBXBuildFile; fileRef = 5E668F8686B032E25CD320A4 /* Localizable.xcstrings */; };
		849E7F542D1B00E5CB89C86E /* AppDelegate.swift in Sources */ = {isa = PBXBuildFile; fileRef = FF24B7161141033BAD40B3B8 /* AppDelegate.swift */; };
		8A427A83DFD0453939B5A1E6 /* GlobalHotKey.swift in Sources */ = {isa = PBXBuildFile; fileRef = 4551E9BC80007ABA1EF736D1 /* GlobalHotKey.swift */; };
		8C928F4AFE615071BAAFC1E5 /* Cocoa.framework in Frameworks */ = {isa = PBXBuildFile; fileRef = 8438F673508A29FE1BD68116 /* Cocoa.framework */; };
		9689408240EAD23685B8BD5D /* CharacterRecord.swift in Sources */ = {isa = PBXBuildFile; fileRef = EC0F414156A7508B385F52F7 /* CharacterRecord.swift */; };
		98D9EB58CCC0077AEEAEEFBF /* CodeFormats.swift in Sources */ = {isa = PBXBuildFile; fileRef = 21702C18ECD2758EB0741E0A /* CodeFormats.swift */; };
		9B32C3F8925992BA62791BDC /* KeyboardMapper.swift in Sources */ = {isa = PBXBuildFile; fileRef = 371A6EA6B97EA4FB43748E1B /* KeyboardMapper.swift */; };
		C161F44ECCDF39E4B523157A /* AppCommands.swift in Sources */ = {isa = PBXBuildFile; fileRef = F495A55267B06DD6FB6E8511 /* AppCommands.swift */; };
		C22D3A1CF18A3BA56D6B8C3D /* MainView.swift in Sources */ = {isa = PBXBuildFile; fileRef = A1838A3DC82F238FCDEE7398 /* MainView.swift */; };
		E4D6CFF331A7F9C4230E01EC /* SettingsView.swift in Sources */ = {isa = PBXBuildFile; fileRef = B61987D9DCA5E72A2A0795BC /* SettingsView.swift */; };
		E557B50462F57AFBB94E699E /* Assets.xcassets in Resources */ = {isa = PBXBuildFile; fileRef = 46A126BCD4154C9CE923EF64 /* Assets.xcassets */; };
		EBC690FB77C2C6E23A528444 /* SystemKeyboardLayout.swift in Sources */ = {isa = PBXBuildFile; fileRef = 24225519677496476EE29D5F /* SystemKeyboardLayout.swift */; };
		F10FE639488EB2A774CC68D4 /* SearchEngine.swift in Sources */ = {isa = PBXBuildFile; fileRef = C7887310BF2EF6D6A3395427 /* SearchEngine.swift */; };
/* End PBXBuildFile section */

/* Begin PBXFileReference section */
		036408A1E030C648E30ADD7A /* Glyphfinder.entitlements */ = {isa = PBXFileReference; includeInIndex = 1; lastKnownFileType = text.plist.entitlements; path = Glyphfinder.entitlements; sourceTree = "<group>"; };
		1BCA64295F4F99EE528BEC7B /* Info.plist */ = {isa = PBXFileReference; includeInIndex = 1; lastKnownFileType = text.plist.xml; path = Info.plist; sourceTree = "<group>"; };
		21702C18ECD2758EB0741E0A /* CodeFormats.swift */ = {isa = PBXFileReference; includeInIndex = 1; lastKnownFileType = sourcecode.swift; path = CodeFormats.swift; sourceTree = "<group>"; };
		24225519677496476EE29D5F /* SystemKeyboardLayout.swift */ = {isa = PBXFileReference; includeInIndex = 1; lastKnownFileType = sourcecode.swift; path = SystemKeyboardLayout.swift; sourceTree = "<group>"; };
		25474793CA040C316EF489CF /* README.md */ = {isa = PBXFileReference; includeInIndex = 1; path = README.md; sourceTree = "<group>"; };
		269B6EB19FE18AE26B503FFC /* CharacterDatabase.swift */ = {isa = PBXFileReference; includeInIndex = 1; lastKnownFileType = sourcecode.swift; path = CharacterDatabase.swift; sourceTree = "<group>"; };
		371A6EA6B97EA4FB43748E1B /* KeyboardMapper.swift */ = {isa = PBXFileReference; includeInIndex = 1; lastKnownFileType = sourcecode.swift; path = KeyboardMapper.swift; sourceTree = "<group>"; };
		3A53CEDCF2C753E5CFB4AA7C /* DetailView.swift */ = {isa = PBXFileReference; includeInIndex = 1; lastKnownFileType = sourcecode.swift; path = DetailView.swift; sourceTree = "<group>"; };
		3A6CE6D1B13014405ECFAE5F /* CharacterInfo.swift */ = {isa = PBXFileReference; includeInIndex = 1; lastKnownFileType = sourcecode.swift; path = CharacterInfo.swift; sourceTree = "<group>"; };
		4551E9BC80007ABA1EF736D1 /* GlobalHotKey.swift */ = {isa = PBXFileReference; includeInIndex = 1; lastKnownFileType = sourcecode.swift; path = GlobalHotKey.swift; sourceTree = "<group>"; };
		46A126BCD4154C9CE923EF64 /* Assets.xcassets */ = {isa = PBXFileReference; includeInIndex = 1; lastKnownFileType = folder.assetcatalog; path = Assets.xcassets; sourceTree = "<group>"; };
		486F34B6F1B7D437F92C27EE /* GlyphfinderIntents.swift */ = {isa = PBXFileReference; includeInIndex = 1; lastKnownFileType = sourcecode.swift; path = GlyphfinderIntents.swift; sourceTree = "<group>"; };
		4CC291796F4BD162FA2077E6 /* Inserter.swift */ = {isa = PBXFileReference; includeInIndex = 1; lastKnownFileType = sourcecode.swift; path = Inserter.swift; sourceTree = "<group>"; };
		58622C7088F36B9A6C9009CA /* AppModel.swift */ = {isa = PBXFileReference; includeInIndex = 1; lastKnownFileType = sourcecode.swift; path = AppModel.swift; sourceTree = "<group>"; };
		5C442208DA587CAC37239395 /* AppSettings.swift */ = {isa = PBXFileReference; includeInIndex = 1; lastKnownFileType = sourcecode.swift; path = AppSettings.swift; sourceTree = "<group>"; };
		5E668F8686B032E25CD320A4 /* Localizable.xcstrings */ = {isa = PBXFileReference; includeInIndex = 1; lastKnownFileType = text.json.xcstrings; path = Localizable.xcstrings; sourceTree = "<group>"; };
		60723FEE1841654F6B7B54A3 /* KeyboardService.swift */ = {isa = PBXFileReference; includeInIndex = 1; lastKnownFileType = sourcecode.swift; path = KeyboardService.swift; sourceTree = "<group>"; };
		74497D9682E6EE1CF9B9397A /* GlyphInspector.swift */ = {isa = PBXFileReference; includeInIndex = 1; lastKnownFileType = sourcecode.swift; path = GlyphInspector.swift; sourceTree = "<group>"; };
		7B282E28EEC899DA87E42C3D /* PLAN.md */ = {isa = PBXFileReference; includeInIndex = 1; path = PLAN.md; sourceTree = "<group>"; };
		7C959D943ACEF61C4C861517 /* GlyphfinderApp.swift */ = {isa = PBXFileReference; includeInIndex = 1; lastKnownFileType = sourcecode.swift; path = GlyphfinderApp.swift; sourceTree = "<group>"; };
		8438F673508A29FE1BD68116 /* Cocoa.framework */ = {isa = PBXFileReference; lastKnownFileType = wrapper.framework; name = Cocoa.framework; path = Platforms/MacOSX.platform/Developer/SDKs/MacOSX26.0.sdk/System/Library/Frameworks/Cocoa.framework; sourceTree = DEVELOPER_DIR; };
		946DDC9E1275A77F44680493 /* ToastView.swift */ = {isa = PBXFileReference; includeInIndex = 1; lastKnownFileType = sourcecode.swift; path = ToastView.swift; sourceTree = "<group>"; };
		97CE9D342CF8D7ADC1C00535 /* CharacterGridView.swift */ = {isa = PBXFileReference; includeInIndex = 1; lastKnownFileType = sourcecode.swift; path = CharacterGridView.swift; sourceTree = "<group>"; };
		9E6EBFECB201CB3483C9BB84 /* QuickLookupView.swift */ = {isa = PBXFileReference; includeInIndex = 1; lastKnownFileType = sourcecode.swift; path = QuickLookupView.swift; sourceTree = "<group>"; };
		A1838A3DC82F238FCDEE7398 /* MainView.swift */ = {isa = PBXFileReference; includeInIndex = 1; lastKnownFileType = sourcecode.swift; path = MainView.swift; sourceTree = "<group>"; };
		A3BF4A1DFBBD7A474F9B0C1B /* Glyphfinder.app */ = {isa = PBXFileReference; explicitFileType = wrapper.application; includeInIndex = 0; path = Glyphfinder.app; sourceTree = BUILT_PRODUCTS_DIR; };
		B61987D9DCA5E72A2A0795BC /* SettingsView.swift */ = {isa = PBXFileReference; includeInIndex = 1; lastKnownFileType = sourcecode.swift; path = SettingsView.swift; sourceTree = "<group>"; };
		BAE613306595E3F718D28D1A /* MenuBarContent.swift */ = {isa = PBXFileReference; includeInIndex = 1; lastKnownFileType = sourcecode.swift; path = MenuBarContent.swift; sourceTree = "<group>"; };
		BC2E1880417921EBBD35F952 /* Glyphfinder-Direct.entitlements */ = {isa = PBXFileReference; includeInIndex = 1; lastKnownFileType = text.plist.entitlements; path = "Glyphfinder-Direct.entitlements"; sourceTree = "<group>"; };
		C388EB8DD60308CCDD3528CB /* SidebarView.swift */ = {isa = PBXFileReference; includeInIndex = 1; lastKnownFileType = sourcecode.swift; path = SidebarView.swift; sourceTree = "<group>"; };
		C7887310BF2EF6D6A3395427 /* SearchEngine.swift */ = {isa = PBXFileReference; includeInIndex = 1; lastKnownFileType = sourcecode.swift; path = SearchEngine.swift; sourceTree = "<group>"; };
		CDE4470E2B5F11DAFD341772 /* characters.json */ = {isa = PBXFileReference; includeInIndex = 1; path = characters.json; sourceTree = "<group>"; };
		D7F60FFD997072457EA12221 /* PrivacyInfo.xcprivacy */ = {isa = PBXFileReference; includeInIndex = 1; lastKnownFileType = text.xml; path = PrivacyInfo.xcprivacy; sourceTree = "<group>"; };
		EC0F414156A7508B385F52F7 /* CharacterRecord.swift */ = {isa = PBXFileReference; includeInIndex = 1; lastKnownFileType = sourcecode.swift; path = CharacterRecord.swift; sourceTree = "<group>"; };
		F495A55267B06DD6FB6E8511 /* AppCommands.swift */ = {isa = PBXFileReference; includeInIndex = 1; lastKnownFileType = sourcecode.swift; path = AppCommands.swift; sourceTree = "<group>"; };
		FF24B7161141033BAD40B3B8 /* AppDelegate.swift */ = {isa = PBXFileReference; includeInIndex = 1; lastKnownFileType = sourcecode.swift; path = AppDelegate.swift; sourceTree = "<group>"; };
/* End PBXFileReference section */

/* Begin PBXFrameworksBuildPhase section */
		3A01F61C73BAF8123ADB70D5 /* Frameworks */ = {
			isa = PBXFrameworksBuildPhase;
			buildActionMask = 2147483647;
			files = (
				8C928F4AFE615071BAAFC1E5 /* Cocoa.framework in Frameworks */,
			);
			runOnlyForDeploymentPostprocessing = 0;
		};
/* End PBXFrameworksBuildPhase section */

/* Begin PBXGroup section */
		04230EF15058D7F4E6AE4ACC /* App */ = {
			isa = PBXGroup;
			children = (
				F495A55267B06DD6FB6E8511 /* AppCommands.swift */,
				FF24B7161141033BAD40B3B8 /* AppDelegate.swift */,
				58622C7088F36B9A6C9009CA /* AppModel.swift */,
				5C442208DA587CAC37239395 /* AppSettings.swift */,
				7C959D943ACEF61C4C861517 /* GlyphfinderApp.swift */,
				486F34B6F1B7D437F92C27EE /* GlyphfinderIntents.swift */,
			);
			name = App;
			path = App;
			sourceTree = "<group>";
		};
		16A1D7FF059561461E0949FA /* Resources */ = {
			isa = PBXGroup;
			children = (
				46A126BCD4154C9CE923EF64 /* Assets.xcassets */,
				5E668F8686B032E25CD320A4 /* Localizable.xcstrings */,
				D7F60FFD997072457EA12221 /* PrivacyInfo.xcprivacy */,
			);
			name = Resources;
			path = Resources;
			sourceTree = "<group>";
		};
		34B20EA35D67FFE56E682762 = {
			isa = PBXGroup;
			children = (
				95BF8553F8FC089ECF7B52A7 /* Products */,
				9E9397DC7337206C77D827FB /* Frameworks */,
				887E461FEAE0B35D0F98A94D /* Glyphfinder */,
				A0C575536BD954FD978EEAF7 /* GlyphCore */,
				D82A22BEFF62E2BE3C32E56B /* Data */,
				F70024F64BEA8A64E58A3B44 /* Documentation */,
			);
			sourceTree = "<group>";
		};
		38670D2EED4C29E77B044CD4 /* Views */ = {
			isa = PBXGroup;
			children = (
				97CE9D342CF8D7ADC1C00535 /* CharacterGridView.swift */,
				3A53CEDCF2C753E5CFB4AA7C /* DetailView.swift */,
				A1838A3DC82F238FCDEE7398 /* MainView.swift */,
				BAE613306595E3F718D28D1A /* MenuBarContent.swift */,
				9E6EBFECB201CB3483C9BB84 /* QuickLookupView.swift */,
				B61987D9DCA5E72A2A0795BC /* SettingsView.swift */,
				C388EB8DD60308CCDD3528CB /* SidebarView.swift */,
				946DDC9E1275A77F44680493 /* ToastView.swift */,
			);
			name = Views;
			path = Views;
			sourceTree = "<group>";
		};
		4AB41AB81252016843265A81 /* Configuration */ = {
			isa = PBXGroup;
			children = (
				1BCA64295F4F99EE528BEC7B /* Info.plist */,
				036408A1E030C648E30ADD7A /* Glyphfinder.entitlements */,
				BC2E1880417921EBBD35F952 /* Glyphfinder-Direct.entitlements */,
			);
			name = Configuration;
			sourceTree = "<group>";
		};
		4CE5FA2E1802A7A05DC38B5B /* Services */ = {
			isa = PBXGroup;
			children = (
				4551E9BC80007ABA1EF736D1 /* GlobalHotKey.swift */,
				4CC291796F4BD162FA2077E6 /* Inserter.swift */,
				60723FEE1841654F6B7B54A3 /* KeyboardService.swift */,
			);
			name = Services;
			path = Services;
			sourceTree = "<group>";
		};
		887E461FEAE0B35D0F98A94D /* Glyphfinder */ = {
			isa = PBXGroup;
			children = (
				04230EF15058D7F4E6AE4ACC /* App */,
				4CE5FA2E1802A7A05DC38B5B /* Services */,
				38670D2EED4C29E77B044CD4 /* Views */,
				16A1D7FF059561461E0949FA /* Resources */,
				4AB41AB81252016843265A81 /* Configuration */,
			);
			name = Glyphfinder;
			path = Glyphfinder;
			sourceTree = "<group>";
		};
		95BF8553F8FC089ECF7B52A7 /* Products */ = {
			isa = PBXGroup;
			children = (
				A3BF4A1DFBBD7A474F9B0C1B /* Glyphfinder.app */,
			);
			name = Products;
			sourceTree = "<group>";
		};
		9E9397DC7337206C77D827FB /* Frameworks */ = {
			isa = PBXGroup;
			children = (
				A2405533F8620DBFCF584435 /* OS X */,
			);
			name = Frameworks;
			sourceTree = "<group>";
		};
		A0C575536BD954FD978EEAF7 /* GlyphCore */ = {
			isa = PBXGroup;
			children = (
				269B6EB19FE18AE26B503FFC /* CharacterDatabase.swift */,
				3A6CE6D1B13014405ECFAE5F /* CharacterInfo.swift */,
				EC0F414156A7508B385F52F7 /* CharacterRecord.swift */,
				21702C18ECD2758EB0741E0A /* CodeFormats.swift */,
				74497D9682E6EE1CF9B9397A /* GlyphInspector.swift */,
				371A6EA6B97EA4FB43748E1B /* KeyboardMapper.swift */,
				C7887310BF2EF6D6A3395427 /* SearchEngine.swift */,
				24225519677496476EE29D5F /* SystemKeyboardLayout.swift */,
			);
			name = GlyphCore;
			path = Core/Sources/GlyphCore;
			sourceTree = "<group>";
		};
		A2405533F8620DBFCF584435 /* OS X */ = {
			isa = PBXGroup;
			children = (
				8438F673508A29FE1BD68116 /* Cocoa.framework */,
			);
			name = "OS X";
			sourceTree = "<group>";
		};
		D82A22BEFF62E2BE3C32E56B /* Data */ = {
			isa = PBXGroup;
			children = (
				CDE4470E2B5F11DAFD341772 /* characters.json */,
			);
			name = Data;
			path = Data;
			sourceTree = "<group>";
		};
		F70024F64BEA8A64E58A3B44 /* Documentation */ = {
			isa = PBXGroup;
			children = (
				25474793CA040C316EF489CF /* README.md */,
				7B282E28EEC899DA87E42C3D /* PLAN.md */,
			);
			name = Documentation;
			sourceTree = "<group>";
		};
/* End PBXGroup section */

/* Begin PBXNativeTarget section */
		D54426EEB9F8FF601FB83BE1 /* Glyphfinder */ = {
			isa = PBXNativeTarget;
			buildConfigurationList = 43A480838371966A5CB84450 /* Build configuration list for PBXNativeTarget "Glyphfinder" */;
			buildPhases = (
				C6136288931B37AC086ADFC3 /* Sources */,
				3A01F61C73BAF8123ADB70D5 /* Frameworks */,
				2DD332AB4E0A6EB51C715F18 /* Resources */,
			);
			buildRules = (
			);
			dependencies = (
			);
			name = Glyphfinder;
			productName = Glyphfinder;
			productReference = A3BF4A1DFBBD7A474F9B0C1B /* Glyphfinder.app */;
			productType = "com.apple.product-type.application";
		};
/* End PBXNativeTarget section */

/* Begin PBXProject section */
		3C5D927F2A6118DF4F0C43B7 /* Project object */ = {
			isa = PBXProject;
			attributes = {
				LastSwiftUpdateCheck = 1600;
				LastUpgradeCheck = 1600;
			};
			buildConfigurationList = 32BE06725B01D90613D4775A /* Build configuration list for PBXProject "Glyphfinder" */;
			compatibilityVersion = "Xcode 3.2";
			developmentRegion = en;
			hasScannedForEncodings = 0;
			knownRegions = (
				en,
				Base,
				nl,
				de,
			);
			mainGroup = 34B20EA35D67FFE56E682762;
			minimizedProjectReferenceProxies = 0;
			preferredProjectObjectVersion = 100;
			productRefGroup = 95BF8553F8FC089ECF7B52A7 /* Products */;
			projectDirPath = "";
			projectRoot = "";
			targets = (
				D54426EEB9F8FF601FB83BE1 /* Glyphfinder */,
			);
		};
/* End PBXProject section */

/* Begin PBXResourcesBuildPhase section */
		2DD332AB4E0A6EB51C715F18 /* Resources */ = {
			isa = PBXResourcesBuildPhase;
			buildActionMask = 2147483647;
			files = (
				E557B50462F57AFBB94E699E /* Assets.xcassets in Resources */,
				81A34D33D98F2B2E92D1B272 /* Localizable.xcstrings in Resources */,
				149AD54BB4ABA32625339FEA /* PrivacyInfo.xcprivacy in Resources */,
				2E939F7C637EBA01833E24A5 /* characters.json in Resources */,
			);
			runOnlyForDeploymentPostprocessing = 0;
		};
/* End PBXResourcesBuildPhase section */

/* Begin PBXSourcesBuildPhase section */
		C6136288931B37AC086ADFC3 /* Sources */ = {
			isa = PBXSourcesBuildPhase;
			buildActionMask = 2147483647;
			files = (
				C161F44ECCDF39E4B523157A /* AppCommands.swift in Sources */,
				849E7F542D1B00E5CB89C86E /* AppDelegate.swift in Sources */,
				690357DB8A8EDB3925995AD5 /* AppModel.swift in Sources */,
				3C003E5D889C8C89DEBC1A02 /* AppSettings.swift in Sources */,
				4BFB97DC4C0512838C10188A /* GlyphfinderApp.swift in Sources */,
				1B015E62813F59E6DC1F0ADA /* GlyphfinderIntents.swift in Sources */,
				8A427A83DFD0453939B5A1E6 /* GlobalHotKey.swift in Sources */,
				456A12DC44DBC5D54C809AC8 /* Inserter.swift in Sources */,
				68EE94EE64F43413B9F606A9 /* KeyboardService.swift in Sources */,
				3FB0FF994FC622C41CB40A04 /* CharacterGridView.swift in Sources */,
				7D4A82504E16005B60BDA1EC /* DetailView.swift in Sources */,
				C22D3A1CF18A3BA56D6B8C3D /* MainView.swift in Sources */,
				0453480E08756F6537541597 /* MenuBarContent.swift in Sources */,
				762CFC25A1C5076FC8832CFD /* QuickLookupView.swift in Sources */,
				E4D6CFF331A7F9C4230E01EC /* SettingsView.swift in Sources */,
				70203B6C8B0716342F726C54 /* SidebarView.swift in Sources */,
				37EDC253BFA844EC08C6E1EF /* ToastView.swift in Sources */,
				32C7B49805472C3722A0E091 /* CharacterDatabase.swift in Sources */,
				59FA55A9040F710258B7B4E2 /* CharacterInfo.swift in Sources */,
				9689408240EAD23685B8BD5D /* CharacterRecord.swift in Sources */,
				98D9EB58CCC0077AEEAEEFBF /* CodeFormats.swift in Sources */,
				435B2240F264AB7082959235 /* GlyphInspector.swift in Sources */,
				9B32C3F8925992BA62791BDC /* KeyboardMapper.swift in Sources */,
				F10FE639488EB2A774CC68D4 /* SearchEngine.swift in Sources */,
				EBC690FB77C2C6E23A528444 /* SystemKeyboardLayout.swift in Sources */,
			);
			runOnlyForDeploymentPostprocessing = 0;
		};
/* End PBXSourcesBuildPhase section */

/* Begin XCBuildConfiguration section */
		0159B41D0D3F94474AF17B5C /* Release */ = {
			isa = XCBuildConfiguration;
			buildSettings = {
				ALWAYS_SEARCH_USER_PATHS = NO;
				CLANG_ANALYZER_NONNULL = YES;
				CLANG_ANALYZER_NUMBER_OBJECT_CONVERSION = YES_AGGRESSIVE;
				CLANG_CXX_LANGUAGE_STANDARD = "gnu++14";
				CLANG_CXX_LIBRARY = "libc++";
				CLANG_ENABLE_MODULES = YES;
				CLANG_ENABLE_OBJC_ARC = YES;
				CLANG_ENABLE_OBJC_WEAK = YES;
				CLANG_WARN_BLOCK_CAPTURE_AUTORELEASING = YES;
				CLANG_WARN_BOOL_CONVERSION = YES;
				CLANG_WARN_COMMA = YES;
				CLANG_WARN_CONSTANT_CONVERSION = YES;
				CLANG_WARN_DEPRECATED_OBJC_IMPLEMENTATIONS = YES;
				CLANG_WARN_DIRECT_OBJC_ISA_USAGE = YES_ERROR;
				CLANG_WARN_DOCUMENTATION_COMMENTS = YES;
				CLANG_WARN_EMPTY_BODY = YES;
				CLANG_WARN_ENUM_CONVERSION = YES;
				CLANG_WARN_INFINITE_RECURSION = YES;
				CLANG_WARN_INT_CONVERSION = YES;
				CLANG_WARN_NON_LITERAL_NULL_CONVERSION = YES;
				CLANG_WARN_OBJC_IMPLICIT_RETAIN_SELF = YES;
				CLANG_WARN_OBJC_LITERAL_CONVERSION = YES;
				CLANG_WARN_OBJC_ROOT_CLASS = YES_ERROR;
				CLANG_WARN_QUOTED_INCLUDE_IN_FRAMEWORK_HEADER = YES;
				CLANG_WARN_RANGE_LOOP_ANALYSIS = YES;
				CLANG_WARN_STRICT_PROTOTYPES = YES;
				CLANG_WARN_SUSPICIOUS_MOVE = YES;
				CLANG_WARN_UNGUARDED_AVAILABILITY = YES_AGGRESSIVE;
				CLANG_WARN_UNREACHABLE_CODE = YES;
				CLANG_WARN__DUPLICATE_METHOD_MATCH = YES;
				COPY_PHASE_STRIP = NO;
				DEBUG_INFORMATION_FORMAT = "dwarf-with-dsym";
				ENABLE_NS_ASSERTIONS = NO;
				ENABLE_STRICT_OBJC_MSGSEND = YES;
				ENABLE_USER_SCRIPT_SANDBOXING = YES;
				GCC_C_LANGUAGE_STANDARD = gnu11;
				GCC_NO_COMMON_BLOCKS = YES;
				GCC_WARN_64_TO_32_BIT_CONVERSION = YES;
				GCC_WARN_ABOUT_RETURN_TYPE = YES_ERROR;
				GCC_WARN_UNDECLARED_SELECTOR = YES;
				GCC_WARN_UNINITIALIZED_AUTOS = YES_AGGRESSIVE;
				GCC_WARN_UNUSED_FUNCTION = YES;
				GCC_WARN_UNUSED_VARIABLE = YES;
				LOCALIZATION_PREFERS_STRING_CATALOGS = YES;
				MACOSX_DEPLOYMENT_TARGET = 15.0;
				MTL_ENABLE_DEBUG_INFO = NO;
				MTL_FAST_MATH = YES;
				PRODUCT_NAME = "$(TARGET_NAME)";
				SDKROOT = macosx;
				SWIFT_COMPILATION_MODE = wholemodule;
				SWIFT_OPTIMIZATION_LEVEL = "-O";
				SWIFT_VERSION = 5.0;
			};
			name = Release;
		};
		09EBEC0B47CCB7F8ED5EBDA5 /* Release-Direct */ = {
			isa = XCBuildConfiguration;
			buildSettings = {
				ASSETCATALOG_COMPILER_APPICON_NAME = AppIcon;
				ASSETCATALOG_COMPILER_GLOBAL_ACCENT_COLOR_NAME = AccentColor;
				CODE_SIGN_ENTITLEMENTS = "Glyphfinder/Glyphfinder-Direct.entitlements";
				CODE_SIGN_IDENTITY = "Apple Development";
				CODE_SIGN_STYLE = Automatic;
				COMBINE_HIDPI_IMAGES = YES;
				CURRENT_PROJECT_VERSION = 1;
				DEAD_CODE_STRIPPING = YES;
				DEVELOPMENT_TEAM = "";
				ENABLE_HARDENED_RUNTIME = YES;
				ENABLE_PREVIEWS = YES;
				GENERATE_INFOPLIST_FILE = YES;
				INFOPLIST_FILE = Glyphfinder/Info.plist;
				INFOPLIST_KEY_CFBundleDisplayName = Glyphfinder;
				INFOPLIST_KEY_NSPrincipalClass = NSApplication;
				LD_RUNPATH_SEARCH_PATHS = "$(inherited) @executable_path/../Frameworks";
				MACOSX_DEPLOYMENT_TARGET = 15.0;
				MARKETING_VERSION = 1.0;
				PRODUCT_BUNDLE_IDENTIFIER = com.milanelsen.glyphfinder;
				PRODUCT_NAME = "$(TARGET_NAME)";
				SDKROOT = macosx;
				STRING_CATALOG_GENERATE_SYMBOLS = NO;
				SWIFT_ACTIVE_COMPILATION_CONDITIONS = "DIRECT_DISTRIBUTION $(inherited)";
				SWIFT_EMIT_LOC_STRINGS = YES;
				SWIFT_VERSION = 5.0;
			};
			name = "Release-Direct";
		};
		4892D29F83B9CE5416E0EF30 /* Debug */ = {
			isa = XCBuildConfiguration;
			buildSettings = {
				ALWAYS_SEARCH_USER_PATHS = NO;
				CLANG_ANALYZER_NONNULL = YES;
				CLANG_ANALYZER_NUMBER_OBJECT_CONVERSION = YES_AGGRESSIVE;
				CLANG_CXX_LANGUAGE_STANDARD = "gnu++14";
				CLANG_CXX_LIBRARY = "libc++";
				CLANG_ENABLE_MODULES = YES;
				CLANG_ENABLE_OBJC_ARC = YES;
				CLANG_ENABLE_OBJC_WEAK = YES;
				CLANG_WARN_BLOCK_CAPTURE_AUTORELEASING = YES;
				CLANG_WARN_BOOL_CONVERSION = YES;
				CLANG_WARN_COMMA = YES;
				CLANG_WARN_CONSTANT_CONVERSION = YES;
				CLANG_WARN_DEPRECATED_OBJC_IMPLEMENTATIONS = YES;
				CLANG_WARN_DIRECT_OBJC_ISA_USAGE = YES_ERROR;
				CLANG_WARN_DOCUMENTATION_COMMENTS = YES;
				CLANG_WARN_EMPTY_BODY = YES;
				CLANG_WARN_ENUM_CONVERSION = YES;
				CLANG_WARN_INFINITE_RECURSION = YES;
				CLANG_WARN_INT_CONVERSION = YES;
				CLANG_WARN_NON_LITERAL_NULL_CONVERSION = YES;
				CLANG_WARN_OBJC_IMPLICIT_RETAIN_SELF = YES;
				CLANG_WARN_OBJC_LITERAL_CONVERSION = YES;
				CLANG_WARN_OBJC_ROOT_CLASS = YES_ERROR;
				CLANG_WARN_QUOTED_INCLUDE_IN_FRAMEWORK_HEADER = YES;
				CLANG_WARN_RANGE_LOOP_ANALYSIS = YES;
				CLANG_WARN_STRICT_PROTOTYPES = YES;
				CLANG_WARN_SUSPICIOUS_MOVE = YES;
				CLANG_WARN_UNGUARDED_AVAILABILITY = YES_AGGRESSIVE;
				CLANG_WARN_UNREACHABLE_CODE = YES;
				CLANG_WARN__DUPLICATE_METHOD_MATCH = YES;
				COPY_PHASE_STRIP = NO;
				DEBUG_INFORMATION_FORMAT = dwarf;
				ENABLE_STRICT_OBJC_MSGSEND = YES;
				ENABLE_TESTABILITY = YES;
				ENABLE_USER_SCRIPT_SANDBOXING = YES;
				GCC_C_LANGUAGE_STANDARD = gnu11;
				GCC_DYNAMIC_NO_PIC = NO;
				GCC_NO_COMMON_BLOCKS = YES;
				GCC_OPTIMIZATION_LEVEL = 0;
				GCC_PREPROCESSOR_DEFINITIONS = (
					"DEBUG=1",
					"$(inherited)",
				);
				GCC_WARN_64_TO_32_BIT_CONVERSION = YES;
				GCC_WARN_ABOUT_RETURN_TYPE = YES_ERROR;
				GCC_WARN_UNDECLARED_SELECTOR = YES;
				GCC_WARN_UNINITIALIZED_AUTOS = YES_AGGRESSIVE;
				GCC_WARN_UNUSED_FUNCTION = YES;
				GCC_WARN_UNUSED_VARIABLE = YES;
				LOCALIZATION_PREFERS_STRING_CATALOGS = YES;
				MACOSX_DEPLOYMENT_TARGET = 15.0;
				MTL_ENABLE_DEBUG_INFO = INCLUDE_SOURCE;
				MTL_FAST_MATH = YES;
				ONLY_ACTIVE_ARCH = YES;
				PRODUCT_NAME = "$(TARGET_NAME)";
				SDKROOT = macosx;
				SWIFT_ACTIVE_COMPILATION_CONDITIONS = DEBUG;
				SWIFT_OPTIMIZATION_LEVEL = "-Onone";
				SWIFT_VERSION = 5.0;
			};
			name = Debug;
		};
		71490B900370A1957A0C3B30 /* Release */ = {
			isa = XCBuildConfiguration;
			buildSettings = {
				ASSETCATALOG_COMPILER_APPICON_NAME = AppIcon;
				ASSETCATALOG_COMPILER_GLOBAL_ACCENT_COLOR_NAME = AccentColor;
				CODE_SIGN_ENTITLEMENTS = Glyphfinder/Glyphfinder.entitlements;
				CODE_SIGN_IDENTITY = "Apple Development";
				CODE_SIGN_STYLE = Automatic;
				COMBINE_HIDPI_IMAGES = YES;
				CURRENT_PROJECT_VERSION = 1;
				DEAD_CODE_STRIPPING = YES;
				DEVELOPMENT_TEAM = "";
				ENABLE_HARDENED_RUNTIME = YES;
				ENABLE_PREVIEWS = YES;
				GENERATE_INFOPLIST_FILE = YES;
				INFOPLIST_FILE = Glyphfinder/Info.plist;
				INFOPLIST_KEY_CFBundleDisplayName = Glyphfinder;
				INFOPLIST_KEY_NSPrincipalClass = NSApplication;
				LD_RUNPATH_SEARCH_PATHS = "$(inherited) @executable_path/../Frameworks";
				MACOSX_DEPLOYMENT_TARGET = 15.0;
				MARKETING_VERSION = 1.0;
				PRODUCT_BUNDLE_IDENTIFIER = com.milanelsen.glyphfinder;
				PRODUCT_NAME = "$(TARGET_NAME)";
				SDKROOT = macosx;
				STRING_CATALOG_GENERATE_SYMBOLS = NO;
				SWIFT_EMIT_LOC_STRINGS = YES;
				SWIFT_VERSION = 5.0;
			};
			name = Release;
		};
		850E7F96941C3A63F28A325A /* Release-Direct */ = {
			isa = XCBuildConfiguration;
			buildSettings = {
				ALWAYS_SEARCH_USER_PATHS = NO;
				CLANG_ANALYZER_NONNULL = YES;
				CLANG_ANALYZER_NUMBER_OBJECT_CONVERSION = YES_AGGRESSIVE;
				CLANG_CXX_LANGUAGE_STANDARD = "gnu++14";
				CLANG_CXX_LIBRARY = "libc++";
				CLANG_ENABLE_MODULES = YES;
				CLANG_ENABLE_OBJC_ARC = YES;
				CLANG_ENABLE_OBJC_WEAK = YES;
				CLANG_WARN_BLOCK_CAPTURE_AUTORELEASING = YES;
				CLANG_WARN_BOOL_CONVERSION = YES;
				CLANG_WARN_COMMA = YES;
				CLANG_WARN_CONSTANT_CONVERSION = YES;
				CLANG_WARN_DEPRECATED_OBJC_IMPLEMENTATIONS = YES;
				CLANG_WARN_DIRECT_OBJC_ISA_USAGE = YES_ERROR;
				CLANG_WARN_DOCUMENTATION_COMMENTS = YES;
				CLANG_WARN_EMPTY_BODY = YES;
				CLANG_WARN_ENUM_CONVERSION = YES;
				CLANG_WARN_INFINITE_RECURSION = YES;
				CLANG_WARN_INT_CONVERSION = YES;
				CLANG_WARN_NON_LITERAL_NULL_CONVERSION = YES;
				CLANG_WARN_OBJC_IMPLICIT_RETAIN_SELF = YES;
				CLANG_WARN_OBJC_LITERAL_CONVERSION = YES;
				CLANG_WARN_OBJC_ROOT_CLASS = YES_ERROR;
				CLANG_WARN_QUOTED_INCLUDE_IN_FRAMEWORK_HEADER = YES;
				CLANG_WARN_RANGE_LOOP_ANALYSIS = YES;
				CLANG_WARN_STRICT_PROTOTYPES = YES;
				CLANG_WARN_SUSPICIOUS_MOVE = YES;
				CLANG_WARN_UNGUARDED_AVAILABILITY = YES_AGGRESSIVE;
				CLANG_WARN_UNREACHABLE_CODE = YES;
				CLANG_WARN__DUPLICATE_METHOD_MATCH = YES;
				COPY_PHASE_STRIP = NO;
				DEBUG_INFORMATION_FORMAT = "dwarf-with-dsym";
				ENABLE_NS_ASSERTIONS = NO;
				ENABLE_STRICT_OBJC_MSGSEND = YES;
				ENABLE_USER_SCRIPT_SANDBOXING = YES;
				GCC_C_LANGUAGE_STANDARD = gnu11;
				GCC_NO_COMMON_BLOCKS = YES;
				GCC_WARN_64_TO_32_BIT_CONVERSION = YES;
				GCC_WARN_ABOUT_RETURN_TYPE = YES_ERROR;
				GCC_WARN_UNDECLARED_SELECTOR = YES;
				GCC_WARN_UNINITIALIZED_AUTOS = YES_AGGRESSIVE;
				GCC_WARN_UNUSED_FUNCTION = YES;
				GCC_WARN_UNUSED_VARIABLE = YES;
				LOCALIZATION_PREFERS_STRING_CATALOGS = YES;
				MACOSX_DEPLOYMENT_TARGET = 15.0;
				MTL_ENABLE_DEBUG_INFO = NO;
				MTL_FAST_MATH = YES;
				PRODUCT_NAME = "$(TARGET_NAME)";
				SDKROOT = macosx;
				SWIFT_COMPILATION_MODE = wholemodule;
				SWIFT_OPTIMIZATION_LEVEL = "-O";
				SWIFT_VERSION = 5.0;
			};
			name = "Release-Direct";
		};
		AFC4FE235578663591683BFF /* Debug */ = {
			isa = XCBuildConfiguration;
			buildSettings = {
				ASSETCATALOG_COMPILER_APPICON_NAME = AppIcon;
				ASSETCATALOG_COMPILER_GLOBAL_ACCENT_COLOR_NAME = AccentColor;
				CODE_SIGN_ENTITLEMENTS = Glyphfinder/Glyphfinder.entitlements;
				CODE_SIGN_IDENTITY = "-";
				CODE_SIGN_STYLE = Manual;
				COMBINE_HIDPI_IMAGES = YES;
				CURRENT_PROJECT_VERSION = 1;
				DEAD_CODE_STRIPPING = YES;
				DEVELOPMENT_TEAM = "";
				ENABLE_HARDENED_RUNTIME = YES;
				ENABLE_PREVIEWS = YES;
				GENERATE_INFOPLIST_FILE = YES;
				INFOPLIST_FILE = Glyphfinder/Info.plist;
				INFOPLIST_KEY_CFBundleDisplayName = Glyphfinder;
				INFOPLIST_KEY_NSPrincipalClass = NSApplication;
				LD_RUNPATH_SEARCH_PATHS = "$(inherited) @executable_path/../Frameworks";
				MACOSX_DEPLOYMENT_TARGET = 15.0;
				MARKETING_VERSION = 1.0;
				PRODUCT_BUNDLE_IDENTIFIER = com.milanelsen.glyphfinder;
				PRODUCT_NAME = "$(TARGET_NAME)";
				SDKROOT = macosx;
				STRING_CATALOG_GENERATE_SYMBOLS = NO;
				SWIFT_ACTIVE_COMPILATION_CONDITIONS = "DEBUG $(inherited)";
				SWIFT_EMIT_LOC_STRINGS = YES;
				SWIFT_VERSION = 5.0;
			};
			name = Debug;
		};
/* End XCBuildConfiguration section */

/* Begin XCConfigurationList section */
		32BE06725B01D90613D4775A /* Build configuration list for PBXProject "Glyphfinder" */ = {
			isa = XCConfigurationList;
			buildConfigurations = (
				4892D29F83B9CE5416E0EF30 /* Debug */,
				0159B41D0D3F94474AF17B5C /* Release */,
				850E7F96941C3A63F28A325A /* Release-Direct */,
			);
			defaultConfigurationIsVisible = 0;
			defaultConfigurationName = Release;
		};
		43A480838371966A5CB84450 /* Build configuration list for PBXNativeTarget "Glyphfinder" */ = {
			isa = XCConfigurationList;
			buildConfigurations = (
				71490B900370A1957A0C3B30 /* Release */,
				AFC4FE235578663591683BFF /* Debug */,
				09EBEC0B47CCB7F8ED5EBDA5 /* Release-Direct */,
			);
			defaultConfigurationIsVisible = 0;
			defaultConfigurationName = Release;
		};
/* End XCConfigurationList section */
	};
	rootObject = 3C5D927F2A6118DF4F0C43B7 /* Project object */;
}
